
Microsoft Visual Studio Solution File, Format Version 12.00
# Visual Studio Version 16
VisualStudioVersion = 16.0.31019.35
MinimumVisualStudioVersion = 10.0.40219.1
Project("{8BC9CEB8-8B4A-11D0-8D11-00A0C91BC942}") = "Project7pt5", "Project7pt5\Project7pt5.vcxproj", "{133FF22C-B7E4-4CD0-A6B9-3377BB5DCC4A}"
EndProject
Global
	GlobalSection(SolutionConfigurationPlatforms) = preSolution
		Debug|x64 = Debug|x64
		Debug|x86 = Debug|x86
		Release|x64 = Release|x64
		Release|x86 = Release|x86
	EndGlobalSection
	GlobalSection(ProjectConfigurationPlatforms) = postSolution
		{133FF22C-B7E4-4CD0-A6B9-3377BB5DCC4A}.Debug|x64.ActiveCfg = Debug|x64
		{133FF22C-B7E4-4CD0-A6B9-3377BB5DCC4A}.Debug|x64.Build.0 = Debug|x64
		{133FF22C-B7E4-4CD0-A6B9-3377BB5DCC4A}.Debug|x86.ActiveCfg = Debug|Win32
		{133FF22C-B7E4-4CD0-A6B9-3377BB5DCC4A}.Debug|x86.Build.0 = Debug|Win32
		{133FF22C-B7E4-4CD0-A6B9-3377BB5DCC4A}.Release|x64.ActiveCfg = Release|x64
		{133FF22C-B7E4-4CD0-A6B9-3377BB5DCC4A}.Release|x64.Build.0 = Release|x64
		{133FF22C-B7E4-4CD0-A6B9-3377BB5DCC4A}.Release|x86.ActiveCfg = Release|Win32
		{133FF22C-B7E4-4CD0-A6B9-3377BB5DCC4A}.Release|x86.Build.0 = Release|Win32
	EndGlobalSection
	GlobalSection(SolutionProperties) = preSolution
		HideSolutionNode = FALSE
	EndGlobalSection
	GlobalSection(ExtensibilityGlobals) = postSolution
		SolutionGuid = {E509BFE2-24A6-4F59-9099-75345DED91B4}
	EndGlobalSection
EndGlobal
